// !$*UTF8*$!
{
	archiveVersion = 1;
	classes = {
	};
	objectVersion = 46;
	objects = {

/* Begin PBXBuildFile section */
		189C61C71B724BF6008A6431 /* MapViewController.swift in Sources */ = {isa = PBXBuildFile; fileRef = 189C61C61B724BF6008A6431 /* MapViewController.swift */; };
		189C61C91B724C40008A6431 /* Trip.swift in Sources */ = {isa = PBXBuildFile; fileRef = 189C61C81B724C40008A6431 /* Trip.swift */; };
		189C61CB1B724C4A008A6431 /* Trip+CoreDataProperties.swift in Sources */ = {isa = PBXBuildFile; fileRef = 189C61CA1B724C4A008A6431 /* Trip+CoreDataProperties.swift */; };
		189C61CD1B724C56008A6431 /* TripCell.swift in Sources */ = {isa = PBXBuildFile; fileRef = 189C61CC1B724C56008A6431 /* TripCell.swift */; };
		189C61CF1B724D71008A6431 /* MapKit.framework in Frameworks */ = {isa = PBXBuildFile; fileRef = 189C61CE1B724D71008A6431 /* MapKit.framework */; };
		189C61D31B726AA6008A6431 /* SafariServices.framework in Frameworks */ = {isa = PBXBuildFile; fileRef = 189C61D21B726AA6008A6431 /* SafariServices.framework */; };
		18CEB05B1B6A740F00190016 /* AppDelegate.swift in Sources */ = {isa = PBXBuildFile; fileRef = 18CEB05A1B6A740F00190016 /* AppDelegate.swift */; };
		18CEB0601B6A740F00190016 /* Main.storyboard in Resources */ = {isa = PBXBuildFile; fileRef = 18CEB05E1B6A740F00190016 /* Main.storyboard */; };
		18CEB0631B6A740F00190016 /* Weather.xcdatamodeld in Sources */ = {isa = PBXBuildFile; fileRef = 18CEB0611B6A740F00190016 /* Weather.xcdatamodeld */; };
		18CEB0651B6A740F00190016 /* Assets.xcassets in Resources */ = {isa = PBXBuildFile; fileRef = 18CEB0641B6A740F00190016 /* Assets.xcassets */; };
		18CEB0681B6A740F00190016 /* LaunchScreen.storyboard in Resources */ = {isa = PBXBuildFile; fileRef = 18CEB0661B6A740F00190016 /* LaunchScreen.storyboard */; };
		18CEB0731B6A740F00190016 /* WeatherTests.swift in Sources */ = {isa = PBXBuildFile; fileRef = 18CEB0721B6A740F00190016 /* WeatherTests.swift */; };
		18CEB07E1B6A740F00190016 /* WeatherUITests.swift in Sources */ = {isa = PBXBuildFile; fileRef = 18CEB07D1B6A740F00190016 /* WeatherUITests.swift */; };
		18CEB08C1B6A749500190016 /* TripTableViewController.swift in Sources */ = {isa = PBXBuildFile; fileRef = 18CEB08B1B6A749400190016 /* TripTableViewController.swift */; };
		18DE9B951B79024600FDE698 /* iPhone.storyboard in Resources */ = {isa = PBXBuildFile; fileRef = 18DE9B931B79024600FDE698 /* iPhone.storyboard */; };
/* End PBXBuildFile section */

/* Begin PBXContainerItemProxy section */
		18CEB06F1B6A740F00190016 /* PBXContainerItemProxy */ = {
			isa = PBXContainerItemProxy;
			containerPortal = 18CEB04F1B6A740F00190016 /* Project object */;
			proxyType = 1;
			remoteGlobalIDString = 18CEB0561B6A740F00190016;
			remoteInfo = Weather;
		};
		18CEB07A1B6A740F00190016 /* PBXContainerItemProxy */ = {
			isa = PBXContainerItemProxy;
			containerPortal = 18CEB04F1B6A740F00190016 /* Project object */;
			proxyType = 1;
			remoteGlobalIDString = 18CEB0561B6A740F00190016;
			remoteInfo = Weather;
		};
/* End PBXContainerItemProxy section */

/* Begin PBXFileReference section */
		189C61C61B724BF6008A6431 /* MapViewController.swift */ = {isa = PBXFileReference; fileEncoding = 4; lastKnownFileType = sourcecode.swift; name = MapViewController.swift; path = Weather/MapViewController.swift; sourceTree = "<group>"; };
		189C61C81B724C40008A6431 /* Trip.swift */ = {isa = PBXFileReference; fileEncoding = 4; lastKnownFileType = sourcecode.swift; name = Trip.swift; path = Weather/Trip.swift; sourceTree = "<group>"; };
		189C61CA1B724C4A008A6431 /* Trip+CoreDataProperties.swift */ = {isa = PBXFileReference; fileEncoding = 4; lastKnownFileType = sourcecode.swift; name = "Trip+CoreDataProperties.swift"; path = "Weather/Trip+CoreDataProperties.swift"; sourceTree = "<group>"; };
		189C61CC1B724C56008A6431 /* TripCell.swift */ = {isa = PBXFileReference; fileEncoding = 4; lastKnownFileType = sourcecode.swift; name = TripCell.swift; path = Weather/TripCell.swift; sourceTree = "<group>"; };
		189C61CE1B724D71008A6431 /* MapKit.framework */ = {isa = PBXFileReference; lastKnownFileType = wrapper.framework; name = MapKit.framework; path = System/Library/Frameworks/MapKit.framework; sourceTree = SDKROOT; };
		189C61D21B726AA6008A6431 /* SafariServices.framework */ = {isa = PBXFileReference; lastKnownFileType = wrapper.framework; name = SafariServices.framework; path = System/Library/Frameworks/SafariServices.framework; sourceTree = SDKROOT; };
		18CEB0571B6A740F00190016 /* Weather.app */ = {isa = PBXFileReference; explicitFileType = wrapper.application; includeInIndex = 0; path = Weather.app; sourceTree = BUILT_PRODUCTS_DIR; };
		18CEB05A1B6A740F00190016 /* AppDelegate.swift */ = {isa = PBXFileReference; lastKnownFileType = sourcecode.swift; name = AppDelegate.swift; path = Weather/AppDelegate.swift; sourceTree = "<group>"; };
		18CEB05F1B6A740F00190016 /* Base */ = {isa = PBXFileReference; lastKnownFileType = file.storyboard; name = Base; path = Base.lproj/Main.storyboard; sourceTree = "<group>"; };
		18CEB0621B6A740F00190016 /* Weather.xcdatamodel */ = {isa = PBXFileReference; lastKnownFileType = wrapper.xcdatamodel; path = Weather.xcdatamodel; sourceTree = "<group>"; };
		18CEB0641B6A740F00190016 /* Assets.xcassets */ = {isa = PBXFileReference; lastKnownFileType = folder.assetcatalog; name = Assets.xcassets; path = Weather/Assets.xcassets; sourceTree = "<group>"; };
		18CEB0671B6A740F00190016 /* Base */ = {isa = PBXFileReference; lastKnownFileType = file.storyboard; name = Base; path = Base.lproj/LaunchScreen.storyboard; sourceTree = "<group>"; };
		18CEB0691B6A740F00190016 /* Info.plist */ = {isa = PBXFileReference; lastKnownFileType = text.plist.xml; name = Info.plist; path = Weather/Info.plist; sourceTree = "<group>"; };
		18CEB06E1B6A740F00190016 /* WeatherTests.xctest */ = {isa = PBXFileReference; explicitFileType = wrapper.cfbundle; includeInIndex = 0; path = WeatherTests.xctest; sourceTree = BUILT_PRODUCTS_DIR; };
		18CEB0721B6A740F00190016 /* WeatherTests.swift */ = {isa = PBXFileReference; lastKnownFileType = sourcecode.swift; path = WeatherTests.swift; sourceTree = "<group>"; };
		18CEB0741B6A740F00190016 /* Info.plist */ = {isa = PBXFileReference; lastKnownFileType = text.plist.xml; path = Info.plist; sourceTree = "<group>"; };
		18CEB0791B6A740F00190016 /* WeatherUITests.xctest */ = {isa = PBXFileReference; explicitFileType = wrapper.cfbundle; includeInIndex = 0; path = WeatherUITests.xctest; sourceTree = BUILT_PRODUCTS_DIR; };
		18CEB07D1B6A740F00190016 /* WeatherUITests.swift */ = {isa = PBXFileReference; lastKnownFileType = sourcecode.swift; path = WeatherUITests.swift; sourceTree = "<group>"; };
		18CEB07F1B6A740F00190016 /* Info.plist */ = {isa = PBXFileReference; lastKnownFileType = text.plist.xml; path = Info.plist; sourceTree = "<group>"; };
		18CEB08B1B6A749400190016 /* TripTableViewController.swift */ = {isa = PBXFileReference; fileEncoding = 4; lastKnownFileType = sourcecode.swift; name = TripTableViewController.swift; path = Weather/TripTableViewController.swift; sourceTree = "<group>"; };
		18DE9B941B79024600FDE698 /* Base */ = {isa = PBXFileReference; lastKnownFileType = file.storyboard; name = Base; path = Weather/Base.lproj/iPhone.storyboard; sourceTree = "<group>"; };
/* End PBXFileReference section */

/* Begin PBXFrameworksBuildPhase section */
		18CEB0541B6A740F00190016 /* Frameworks */ = {
			isa = PBXFrameworksBuildPhase;
			buildActionMask = 2147483647;
			files = (
				189C61D31B726AA6008A6431 /* SafariServices.framework in Frameworks */,
				189C61CF1B724D71008A6431 /* MapKit.framework in Frameworks */,
			);
			runOnlyForDeploymentPostprocessing = 0;
		};
		18CEB06B1B6A740F00190016 /* Frameworks */ = {
			isa = PBXFrameworksBuildPhase;
			buildActionMask = 2147483647;
			files = (
			);
			runOnlyForDeploymentPostprocessing = 0;
		};
		18CEB0761B6A740F00190016 /* Frameworks */ = {
			isa = PBXFrameworksBuildPhase;
			buildActionMask = 2147483647;
			files = (
			);
			runOnlyForDeploymentPostprocessing = 0;
		};
/* End PBXFrameworksBuildPhase section */

/* Begin PBXGroup section */
		18CEB04E1B6A740F00190016 = {
			isa = PBXGroup;
			children = (
				18CEB05A1B6A740F00190016 /* AppDelegate.swift */,
				18CEB05E1B6A740F00190016 /* Main.storyboard */,
				18DE9B931B79024600FDE698 /* iPhone.storyboard */,
				18CEB0611B6A740F00190016 /* Weather.xcdatamodeld */,
				189C61C81B724C40008A6431 /* Trip.swift */,
				189C61CA1B724C4A008A6431 /* Trip+CoreDataProperties.swift */,
				18CEB08B1B6A749400190016 /* TripTableViewController.swift */,
				189C61C61B724BF6008A6431 /* MapViewController.swift */,
				189C61CC1B724C56008A6431 /* TripCell.swift */,
				18CEB0641B6A740F00190016 /* Assets.xcassets */,
				18CEB0661B6A740F00190016 /* LaunchScreen.storyboard */,
				18CEB0691B6A740F00190016 /* Info.plist */,
				189C61CE1B724D71008A6431 /* MapKit.framework */,
				189C61D21B726AA6008A6431 /* SafariServices.framework */,
				18CEB0711B6A740F00190016 /* WeatherTests */,
				18CEB07C1B6A740F00190016 /* WeatherUITests */,
				18CEB0581B6A740F00190016 /* Products */,
			);
			sourceTree = "<group>";
		};
		18CEB0581B6A740F00190016 /* Products */ = {
			isa = PBXGroup;
			children = (
				18CEB0571B6A740F00190016 /* Weather.app */,
				18CEB06E1B6A740F00190016 /* WeatherTests.xctest */,
				18CEB0791B6A740F00190016 /* WeatherUITests.xctest */,
			);
			name = Products;
			sourceTree = "<group>";
		};
		18CEB0711B6A740F00190016 /* WeatherTests */ = {
			isa = PBXGroup;
			children = (
				18CEB0721B6A740F00190016 /* WeatherTests.swift */,
				18CEB0741B6A740F00190016 /* Info.plist */,
			);
			path = WeatherTests;
			sourceTree = "<group>";
		};
		18CEB07C1B6A740F00190016 /* WeatherUITests */ = {
			isa = PBXGroup;
			children = (
				18CEB07D1B6A740F00190016 /* WeatherUITests.swift */,
				18CEB07F1B6A740F00190016 /* Info.plist */,
			);
			path = WeatherUITests;
			sourceTree = "<group>";
		};
/* End PBXGroup section */

/* Begin PBXNativeTarget section */
		18CEB0561B6A740F00190016 /* Weather */ = {
			isa = PBXNativeTarget;
			buildConfigurationList = 18CEB0821B6A740F00190016 /* Build configuration list for PBXNativeTarget "Weather" */;
			buildPhases = (
				18CEB0531B6A740F00190016 /* Sources */,
				18CEB0541B6A740F00190016 /* Frameworks */,
				18CEB0551B6A740F00190016 /* Resources */,
			);
			buildRules = (
			);
			dependencies = (
			);
			name = Weather;
			productName = Weather;
			productReference = 18CEB0571B6A740F00190016 /* Weather.app */;
			productType = "com.apple.product-type.application";
		};
		18CEB06D1B6A740F00190016 /* WeatherTests */ = {
			isa = PBXNativeTarget;
			buildConfigurationList = 18CEB0851B6A740F00190016 /* Build configuration list for PBXNativeTarget "WeatherTests" */;
			buildPhases = (
				18CEB06A1B6A740F00190016 /* Sources */,
				18CEB06B1B6A740F00190016 /* Frameworks */,
				18CEB06C1B6A740F00190016 /* Resources */,
			);
			buildRules = (
			);
			dependencies = (
				18CEB0701B6A740F00190016 /* PBXTargetDependency */,
			);
			name = WeatherTests;
			productName = WeatherTests;
			productReference = 18CEB06E1B6A740F00190016 /* WeatherTests.xctest */;
			productType = "com.apple.product-type.bundle.unit-test";
		};
		18CEB0781B6A740F00190016 /* WeatherUITests */ = {
			isa = PBXNativeTarget;
			buildConfigurationList = 18CEB0881B6A740F00190016 /* Build configuration list for PBXNativeTarget "WeatherUITests" */;
			buildPhases = (
				18CEB0751B6A740F00190016 /* Sources */,
				18CEB0761B6A740F00190016 /* Frameworks */,
				18CEB0771B6A740F00190016 /* Resources */,
			);
			buildRules = (
			);
			dependencies = (
				18CEB07B1B6A740F00190016 /* PBXTargetDependency */,
			);
			name = WeatherUITests;
			productName = WeatherUITests;
			productReference = 18CEB0791B6A740F00190016 /* WeatherUITests.xctest */;
			productType = "com.apple.product-type.bundle.ui-testing";
		};
/* End PBXNativeTarget section */

/* Begin PBXProject section */
		18CEB04F1B6A740F00190016 /* Project object */ = {
			isa = PBXProject;
			attributes = {
				LastSwiftUpdateCheck = 0700;
				LastUpgradeCheck = 0700;
				ORGANIZATIONNAME = "Cam-Built Programming Plus";
				TargetAttributes = {
					18CEB0561B6A740F00190016 = {
						CreatedOnToolsVersion = 7.0;
					};
					18CEB06D1B6A740F00190016 = {
						CreatedOnToolsVersion = 7.0;
						TestTargetID = 18CEB0561B6A740F00190016;
					};
					18CEB0781B6A740F00190016 = {
						CreatedOnToolsVersion = 7.0;
						TestTargetID = 18CEB0561B6A740F00190016;
					};
				};
			};
			buildConfigurationList = 18CEB0521B6A740F00190016 /* Build configuration list for PBXProject "Weather" */;
			compatibilityVersion = "Xcode 3.2";
			developmentRegion = English;
			hasScannedForEncodings = 0;
			knownRegions = (
				en,
				Base,
			);
			mainGroup = 18CEB04E1B6A740F00190016;
			productRefGroup = 18CEB0581B6A740F00190016 /* Products */;
			projectDirPath = "";
			projectRoot = "";
			targets = (
				18CEB0561B6A740F00190016 /* Weather */,
				18CEB06D1B6A740F00190016 /* WeatherTests */,
				18CEB0781B6A740F00190016 /* WeatherUITests */,
			);
		};
/* End PBXProject section */

/* Begin PBXResourcesBuildPhase section */
		18CEB0551B6A740F00190016 /* Resources */ = {
			isa = PBXResourcesBuildPhase;
			buildActionMask = 2147483647;
			files = (
				18CEB0681B6A740F00190016 /* LaunchScreen.storyboard in Resources */,
				18CEB0651B6A740F00190016 /* Assets.xcassets in Resources */,
				18CEB0601B6A740F00190016 /* Main.storyboard in Resources */,
				18DE9B951B79024600FDE698 /* iPhone.storyboard in Resources */,
			);
			runOnlyForDeploymentPostprocessing = 0;
		};
		18CEB06C1B6A740F00190016 /* Resources */ = {
			isa = PBXResourcesBuildPhase;
			buildActionMask = 2147483647;
			files = (
			);
			runOnlyForDeploymentPostprocessing = 0;
		};
		18CEB0771B6A740F00190016 /* Resources */ = {
			isa = PBXResourcesBuildPhase;
			buildActionMask = 2147483647;
			files = (
			);
			runOnlyForDeploymentPostprocessing = 0;
		};
/* End PBXResourcesBuildPhase section */

/* Begin PBXSourcesBuildPhase section */
		18CEB0531B6A740F00190016 /* Sources */ = {
			isa = PBXSourcesBuildPhase;
			buildActionMask = 2147483647;
			files = (
				189C61CD1B724C56008A6431 /* TripCell.swift in Sources */,
				18CEB08C1B6A749500190016 /* TripTableViewController.swift in Sources */,
				18CEB0631B6A740F00190016 /* Weather.xcdatamodeld in Sources */,
				189C61CB1B724C4A008A6431 /* Trip+CoreDataProperties.swift in Sources */,
				189C61C91B724C40008A6431 /* Trip.swift in Sources */,
				18CEB05B1B6A740F00190016 /* AppDelegate.swift in Sources */,
				189C61C71B724BF6008A6431 /* MapViewController.swift in Sources */,
			);
			runOnlyForDeploymentPostprocessing = 0;
		};
		18CEB06A1B6A740F00190016 /* Sources */ = {
			isa = PBXSourcesBuildPhase;
			buildActionMask = 2147483647;
			files = (
				18CEB0731B6A740F00190016 /* WeatherTests.swift in Sources */,
			);
			runOnlyForDeploymentPostprocessing = 0;
		};
		18CEB0751B6A740F00190016 /* Sources */ = {
			isa = PBXSourcesBuildPhase;
			buildActionMask = 2147483647;
			files = (
				18CEB07E1B6A740F00190016 /* WeatherUITests.swift in Sources */,
			);
			runOnlyForDeploymentPostprocessing = 0;
		};
/* End PBXSourcesBuildPhase section */

/* Begin PBXTargetDependency section */
		18CEB0701B6A740F00190016 /* PBXTargetDependency */ = {
			isa = PBXTargetDependency;
			target = 18CEB0561B6A740F00190016 /* Weather */;
			targetProxy = 18CEB06F1B6A740F00190016 /* PBXContainerItemProxy */;
		};
		18CEB07B1B6A740F00190016 /* PBXTargetDependency */ = {
			isa = PBXTargetDependency;
			target = 18CEB0561B6A740F00190016 /* Weather */;
			targetProxy = 18CEB07A1B6A740F00190016 /* PBXContainerItemProxy */;
		};
/* End PBXTargetDependency section */

/* Begin PBXVariantGroup section */
		18CEB05E1B6A740F00190016 /* Main.storyboard */ = {
			isa = PBXVariantGroup;
			children = (
				18CEB05F1B6A740F00190016 /* Base */,
			);
			name = Main.storyboard;
			path = Weather;
			sourceTree = "<group>";
		};
		18CEB0661B6A740F00190016 /* LaunchScreen.storyboard */ = {
			isa = PBXVariantGroup;
			children = (
				18CEB0671B6A740F00190016 /* Base */,
			);
			name = LaunchScreen.storyboard;
			path = Weather;
			sourceTree = "<group>";
		};
		18DE9B931B79024600FDE698 /* iPhone.storyboard */ = {
			isa = PBXVariantGroup;
			children = (
				18DE9B941B79024600FDE698 /* Base */,
			);
			name = iPhone.storyboard;
			sourceTree = "<group>";
		};
/* End PBXVariantGroup section */

/* Begin XCBuildConfiguration section */
		18CEB0801B6A740F00190016 /* Debug */ = {
			isa = XCBuildConfiguration;
			buildSettings = {
				ALWAYS_SEARCH_USER_PATHS = NO;
				CLANG_CXX_LANGUAGE_STANDARD = "gnu++0x";
				CLANG_CXX_LIBRARY = "libc++";
				CLANG_ENABLE_MODULES = YES;
				CLANG_ENABLE_OBJC_ARC = YES;
				CLANG_WARN_BOOL_CONVERSION = YES;
				CLANG_WARN_CONSTANT_CONVERSION = YES;
				CLANG_WARN_DIRECT_OBJC_ISA_USAGE = YES_ERROR;
				CLANG_WARN_EMPTY_BODY = YES;
				CLANG_WARN_ENUM_CONVERSION = YES;
				CLANG_WARN_INT_CONVERSION = YES;
				CLANG_WARN_OBJC_ROOT_CLASS = YES_ERROR;
				CLANG_WARN_UNREACHABLE_CODE = YES;
				CLANG_WARN__DUPLICATE_METHOD_MATCH = YES;
				"CODE_SIGN_IDENTITY[sdk=iphoneos*]" = "iPhone Developer";
				COPY_PHASE_STRIP = NO;
				DEBUG_INFORMATION_FORMAT = dwarf;
				ENABLE_STRICT_OBJC_MSGSEND = YES;
				ENABLE_TESTABILITY = YES;
				GCC_C_LANGUAGE_STANDARD = gnu99;
				GCC_DYNAMIC_NO_PIC = NO;
				GCC_NO_COMMON_BLOCKS = YES;
				GCC_OPTIMIZATION_LEVEL = 0;
				GCC_PREPROCESSOR_DEFINITIONS = (
					"DEBUG=1",
					"$(inherited)",
				);
				GCC_WARN_64_TO_32_BIT_CONVERSION = YES;
				GCC_WARN_ABOUT_RETURN_TYPE = YES_ERROR;
				GCC_WARN_UNDECLARED_SELECTOR = YES;
				GCC_WARN_UNINITIALIZED_AUTOS = YES_AGGRESSIVE;
				GCC_WARN_UNUSED_FUNCTION = YES;
				GCC_WARN_UNUSED_VARIABLE = YES;
				IPHONEOS_DEPLOYMENT_TARGET = 9.0;
				MTL_ENABLE_DEBUG_INFO = YES;
				ONLY_ACTIVE_ARCH = YES;
				SDKROOT = iphoneos;
				SWIFT_OPTIMIZATION_LEVEL = "-Onone";
				TARGETED_DEVICE_FAMILY = "1,2";
			};
			name = Debug;
		};
		18CEB0811B6A740F00190016 /* Release */ = {
			isa = XCBuildConfiguration;
			buildSettings = {
				ALWAYS_SEARCH_USER_PATHS = NO;
				CLANG_CXX_LANGUAGE_STANDARD = "gnu++0x";
				CLANG_CXX_LIBRARY = "libc++";
				CLANG_ENABLE_MODULES = YES;
				CLANG_ENABLE_OBJC_ARC = YES;
				CLANG_WARN_BOOL_CONVERSION = YES;
				CLANG_WARN_CONSTANT_CONVERSION = YES;
				CLANG_WARN_DIRECT_OBJC_ISA_USAGE = YES_ERROR;
				CLANG_WARN_EMPTY_BODY = YES;
				CLANG_WARN_ENUM_CONVERSION = YES;
				CLANG_WARN_INT_CONVERSION = YES;
				CLANG_WARN_OBJC_ROOT_CLASS = YES_ERROR;
				CLANG_WARN_UNREACHABLE_CODE = YES;
				CLANG_WARN__DUPLICATE_METHOD_MATCH = YES;
				"CODE_SIGN_IDENTITY[sdk=iphoneos*]" = "iPhone Developer";
				COPY_PHASE_STRIP = NO;
				DEBUG_INFORMATION_FORMAT = "dwarf-with-dsym";
				ENABLE_NS_ASSERTIONS = NO;
				ENABLE_STRICT_OBJC_MSGSEND = YES;
				GCC_C_LANGUAGE_STANDARD = gnu99;
				GCC_NO_COMMON_BLOCKS = YES;
				GCC_WARN_64_TO_32_BIT_CONVERSION = YES;
				GCC_WARN_ABOUT_RETURN_TYPE = YES_ERROR;
				GCC_WARN_UNDECLARED_SELECTOR = YES;
				GCC_WARN_UNINITIALIZED_AUTOS = YES_AGGRESSIVE;
				GCC_WARN_UNUSED_FUNCTION = YES;
				GCC_WARN_UNUSED_VARIABLE = YES;
				IPHONEOS_DEPLOYMENT_TARGET = 9.0;
				MTL_ENABLE_DEBUG_INFO = NO;
				SDKROOT = iphoneos;
				TARGETED_DEVICE_FAMILY = "1,2";
				VALIDATE_PRODUCT = YES;
			};
			name = Release;
		};
		18CEB0831B6A740F00190016 /* Debug */ = {
			isa = XCBuildConfiguration;
			buildSettings = {
				ASSETCATALOG_COMPILER_APPICON_NAME = AppIcon;
				INFOPLIST_FILE = Weather/Info.plist;
				LD_RUNPATH_SEARCH_PATHS = "$(inherited) @executable_path/Frameworks";
				PRODUCT_BUNDLE_IDENTIFIER = com.cambuilt.Weather;
				PRODUCT_NAME = "$(TARGET_NAME)";
			};
			name = Debug;
		};
		18CEB0841B6A740F00190016 /* Release */ = {
			isa = XCBuildConfiguration;
			buildSettings = {
				ASSETCATALOG_COMPILER_APPICON_NAME = AppIcon;
				INFOPLIST_FILE = Weather/Info.plist;
				LD_RUNPATH_SEARCH_PATHS = "$(inherited) @executable_path/Frameworks";
				PRODUCT_BUNDLE_IDENTIFIER = com.cambuilt.Weather;
				PRODUCT_NAME = "$(TARGET_NAME)";
			};
			name = Release;
		};
		18CEB0861B6A740F00190016 /* Debug */ = {
			isa = XCBuildConfiguration;
			buildSettings = {
				BUNDLE_LOADER = "$(TEST_HOST)";
				INFOPLIST_FILE = WeatherTests/Info.plist;
				LD_RUNPATH_SEARCH_PATHS = "$(inherited) @executable_path/Frameworks @loader_path/Frameworks";
				PRODUCT_BUNDLE_IDENTIFIER = com.cambuilt.WeatherTests;
				PRODUCT_NAME = "$(TARGET_NAME)";
				TEST_HOST = "$(BUILT_PRODUCTS_DIR)/Weather.app/Weather";
			};
			name = Debug;
		};
		18CEB0871B6A740F00190016 /* Release */ = {
			isa = XCBuildConfiguration;
			buildSettings = {
				BUNDLE_LOADER = "$(TEST_HOST)";
				INFOPLIST_FILE = WeatherTests/Info.plist;
				LD_RUNPATH_SEARCH_PATHS = "$(inherited) @executable_path/Frameworks @loader_path/Frameworks";
				PRODUCT_BUNDLE_IDENTIFIER = com.cambuilt.WeatherTests;
				PRODUCT_NAME = "$(TARGET_NAME)";
				TEST_HOST = "$(BUILT_PRODUCTS_DIR)/Weather.app/Weather";
			};
			name = Release;
		};
		18CEB0891B6A740F00190016 /* Debug */ = {
			isa = XCBuildConfiguration;
			buildSettings = {
				INFOPLIST_FILE = WeatherUITests/Info.plist;
				LD_RUNPATH_SEARCH_PATHS = "$(inherited) @executable_path/Frameworks @loader_path/Frameworks";
				PRODUCT_BUNDLE_IDENTIFIER = com.cambuilt.WeatherUITests;
				PRODUCT_NAME = "$(TARGET_NAME)";
				TEST_TARGET_NAME = Weather;
				USES_XCTRUNNER = YES;
			};
			name = Debug;
		};
		18CEB08A1B6A740F00190016 /* Release */ = {
			isa = XCBuildConfiguration;
			buildSettings = {
				INFOPLIST_FILE = WeatherUITests/Info.plist;
				LD_RUNPATH_SEARCH_PATHS = "$(inherited) @executable_path/Frameworks @loader_path/Frameworks";
				PRODUCT_BUNDLE_IDENTIFIER = com.cambuilt.WeatherUITests;
				PRODUCT_NAME = "$(TARGET_NAME)";
				TEST_TARGET_NAME = Weather;
				USES_XCTRUNNER = YES;
			};
			name = Release;
		};
/* End XCBuildConfiguration section */

/* Begin XCConfigurationList section */
		18CEB0521B6A740F00190016 /* Build configuration list for PBXProject "Weather" */ = {
			isa = XCConfigurationList;
			buildConfigurations = (
				18CEB0801B6A740F00190016 /* Debug */,
				18CEB0811B6A740F00190016 /* Release */,
			);
			defaultConfigurationIsVisible = 0;
			defaultConfigurationName = Release;
		};
		18CEB0821B6A740F00190016 /* Build configuration list for PBXNativeTarget "Weather" */ = {
			isa = XCConfigurationList;
			buildConfigurations = (
				18CEB0831B6A740F00190016 /* Debug */,
				18CEB0841B6A740F00190016 /* Release */,
			);
			defaultConfigurationIsVisible = 0;
			defaultConfigurationName = Release;
		};
		18CEB0851B6A740F00190016 /* Build configuration list for PBXNativeTarget "WeatherTests" */ = {
			isa = XCConfigurationList;
			buildConfigurations = (
				18CEB0861B6A740F00190016 /* Debug */,
				18CEB0871B6A740F00190016 /* Release */,
			);
			defaultConfigurationIsVisible = 0;
			defaultConfigurationName = Release;
		};
		18CEB0881B6A740F00190016 /* Build configuration list for PBXNativeTarget "WeatherUITests" */ = {
			isa = XCConfigurationList;
			buildConfigurations = (
				18CEB0891B6A740F00190016 /* Debug */,
				18CEB08A1B6A740F00190016 /* Release */,
			);
			defaultConfigurationIsVisible = 0;
			defaultConfigurationName = Release;
		};
/* End XCConfigurationList section */

/* Begin XCVersionGroup section */
		18CEB0611B6A740F00190016 /* Weather.xcdatamodeld */ = {
			isa = XCVersionGroup;
			children = (
				18CEB0621B6A740F00190016 /* Weather.xcdatamodel */,
			);
			currentVersion = 18CEB0621B6A740F00190016 /* Weather.xcdatamodel */;
			name = Weather.xcdatamodeld;
			path = Weather/Weather.xcdatamodeld;
			sourceTree = "<group>";
			versionGroupType = wrapper.xcdatamodel;
		};
/* End XCVersionGroup section */
	};
	rootObject = 18CEB04F1B6A740F00190016 /* Project object */;
}
